
Microsoft Visual Studio Solution File, Format Version 12.00
# Visual Studio Version 16
VisualStudioVersion = 16.0.29709.97
MinimumVisualStudioVersion = 10.0.40219.1
Project("{FAE04EC0-301F-11D3-BF4B-00C04F79EFBC}") = "Array64", "Array64\Array64.csproj", "{7CF8AE1D-88A9-41E8-9197-ED703053163A}"
EndProject
Global
	GlobalSection(SolutionConfigurationPlatforms) = preSolution
		Debug|Any CPU = Debug|Any CPU
		Release|Any CPU = Release|Any CPU
	EndGlobalSection
	GlobalSection(ProjectConfigurationPlatforms) = postSolution
		{7CF8AE1D-88A9-41E8-9197-ED703053163A}.Debug|Any CPU.ActiveCfg = Debug|Any CPU
		{7CF8AE1D-88A9-41E8-9197-ED703053163A}.Debug|Any CPU.Build.0 = Debug|Any CPU
		{7CF8AE1D-88A9-41E8-9197-ED703053163A}.Release|Any CPU.ActiveCfg = Release|Any CPU
		{7CF8AE1D-88A9-41E8-9197-ED703053163A}.Release|Any CPU.Build.0 = Release|Any CPU
	EndGlobalSection
	GlobalSection(SolutionProperties) = preSolution
		HideSolutionNode = FALSE
	EndGlobalSection
	GlobalSection(ExtensibilityGlobals) = postSolution
		SolutionGuid = {4E3A848F-6284-4BF6-8556-26C9584898AB}
	EndGlobalSection
EndGlobal
