
Microsoft Visual Studio Solution File, Format Version 12.00
# Visual Studio Version 16
VisualStudioVersion = 16.0.29709.97
MinimumVisualStudioVersion = 10.0.40219.1
Project("{FAE04EC0-301F-11D3-BF4B-00C04F79EFBC}") = "Array16", "Array16\Array16.csproj", "{77A07604-9F0E-4CB8-943A-8F883D861F83}"
EndProject
Global
	GlobalSection(SolutionConfigurationPlatforms) = preSolution
		Debug|Any CPU = Debug|Any CPU
		Release|Any CPU = Release|Any CPU
	EndGlobalSection
	GlobalSection(ProjectConfigurationPlatforms) = postSolution
		{77A07604-9F0E-4CB8-943A-8F883D861F83}.Debug|Any CPU.ActiveCfg = Debug|Any CPU
		{77A07604-9F0E-4CB8-943A-8F883D861F83}.Debug|Any CPU.Build.0 = Debug|Any CPU
		{77A07604-9F0E-4CB8-943A-8F883D861F83}.Release|Any CPU.ActiveCfg = Release|Any CPU
		{77A07604-9F0E-4CB8-943A-8F883D861F83}.Release|Any CPU.Build.0 = Release|Any CPU
	EndGlobalSection
	GlobalSection(SolutionProperties) = preSolution
		HideSolutionNode = FALSE
	EndGlobalSection
	GlobalSection(ExtensibilityGlobals) = postSolution
		SolutionGuid = {17D38E76-5DF2-4B8A-87BA-DE7C27B7C0E4}
	EndGlobalSection
EndGlobal
