
Microsoft Visual Studio Solution File, Format Version 12.00
# Visual Studio Version 16
VisualStudioVersion = 16.0.29709.97
MinimumVisualStudioVersion = 10.0.40219.1
Project("{FAE04EC0-301F-11D3-BF4B-00C04F79EFBC}") = "Array63", "Array63\Array63.csproj", "{B11D5C25-2EF2-4E52-9D1A-BFC2ECC6A1C5}"
EndProject
Global
	GlobalSection(SolutionConfigurationPlatforms) = preSolution
		Debug|Any CPU = Debug|Any CPU
		Release|Any CPU = Release|Any CPU
	EndGlobalSection
	GlobalSection(ProjectConfigurationPlatforms) = postSolution
		{B11D5C25-2EF2-4E52-9D1A-BFC2ECC6A1C5}.Debug|Any CPU.ActiveCfg = Debug|Any CPU
		{B11D5C25-2EF2-4E52-9D1A-BFC2ECC6A1C5}.Debug|Any CPU.Build.0 = Debug|Any CPU
		{B11D5C25-2EF2-4E52-9D1A-BFC2ECC6A1C5}.Release|Any CPU.ActiveCfg = Release|Any CPU
		{B11D5C25-2EF2-4E52-9D1A-BFC2ECC6A1C5}.Release|Any CPU.Build.0 = Release|Any CPU
	EndGlobalSection
	GlobalSection(SolutionProperties) = preSolution
		HideSolutionNode = FALSE
	EndGlobalSection
	GlobalSection(ExtensibilityGlobals) = postSolution
		SolutionGuid = {2E477F67-0721-4DA9-A1B2-4D3F41D0FCF5}
	EndGlobalSection
EndGlobal
